// !$*UTF8*$!
{
	archiveVersion = 1;
	classes = {
	};
	objectVersion = 56;
	objects = {

/* Begin PBXBuildFile section */
		661F3C8A291E903E009A1E31 /* NetworkInterchangableApp.swift in Sources */ = {isa = PBXBuildFile; fileRef = 661F3C89291E903E009A1E31 /* NetworkInterchangableApp.swift */; };
		661F3C8C291E903E009A1E31 /* ContentView.swift in Sources */ = {isa = PBXBuildFile; fileRef = 661F3C8B291E903E009A1E31 /* ContentView.swift */; };
		661F3C8E291E9042009A1E31 /* Assets.xcassets in Resources */ = {isa = PBXBuildFile; fileRef = 661F3C8D291E9042009A1E31 /* Assets.xcassets */; };
		661F3C91291E9042009A1E31 /* Preview Assets.xcassets in Resources */ = {isa = PBXBuildFile; fileRef = 661F3C90291E9042009A1E31 /* Preview Assets.xcassets */; };
		661F3C99291E9071009A1E31 /* UserModel.swift in Sources */ = {isa = PBXBuildFile; fileRef = 661F3C98291E9071009A1E31 /* UserModel.swift */; };
		661F3CA0291E90FB009A1E31 /* WebService.swift in Sources */ = {isa = PBXBuildFile; fileRef = 661F3C9F291E90FB009A1E31 /* WebService.swift */; };
		661F3CA2291E998B009A1E31 /* UserViewModel.swift in Sources */ = {isa = PBXBuildFile; fileRef = 661F3CA1291E998B009A1E31 /* UserViewModel.swift */; };
		661F3CA5291E9CA9009A1E31 /* Constants.swift in Sources */ = {isa = PBXBuildFile; fileRef = 661F3CA4291E9CA9009A1E31 /* Constants.swift */; };
		661F3CA9291EA436009A1E31 /* users.json in Resources */ = {isa = PBXBuildFile; fileRef = 661F3CA8291EA436009A1E31 /* users.json */; };
		661F3CAB291EA45E009A1E31 /* LocalService.swift in Sources */ = {isa = PBXBuildFile; fileRef = 661F3CAA291EA45E009A1E31 /* LocalService.swift */; };
		661F3CAD291EA77F009A1E31 /* NetworkService.swift in Sources */ = {isa = PBXBuildFile; fileRef = 661F3CAC291EA77F009A1E31 /* NetworkService.swift */; };
/* End PBXBuildFile section */

/* Begin PBXFileReference section */
		661F3C86291E903E009A1E31 /* NetworkInterchangable.app */ = {isa = PBXFileReference; explicitFileType = wrapper.application; includeInIndex = 0; path = NetworkInterchangable.app; sourceTree = BUILT_PRODUCTS_DIR; };
		661F3C89291E903E009A1E31 /* NetworkInterchangableApp.swift */ = {isa = PBXFileReference; lastKnownFileType = sourcecode.swift; path = NetworkInterchangableApp.swift; sourceTree = "<group>"; };
		661F3C8B291E903E009A1E31 /* ContentView.swift */ = {isa = PBXFileReference; lastKnownFileType = sourcecode.swift; path = ContentView.swift; sourceTree = "<group>"; };
		661F3C8D291E9042009A1E31 /* Assets.xcassets */ = {isa = PBXFileReference; lastKnownFileType = folder.assetcatalog; path = Assets.xcassets; sourceTree = "<group>"; };
		661F3C90291E9042009A1E31 /* Preview Assets.xcassets */ = {isa = PBXFileReference; lastKnownFileType = folder.assetcatalog; path = "Preview Assets.xcassets"; sourceTree = "<group>"; };
		661F3C98291E9071009A1E31 /* UserModel.swift */ = {isa = PBXFileReference; lastKnownFileType = sourcecode.swift; path = UserModel.swift; sourceTree = "<group>"; };
		661F3C9F291E90FB009A1E31 /* WebService.swift */ = {isa = PBXFileReference; lastKnownFileType = sourcecode.swift; path = WebService.swift; sourceTree = "<group>"; };
		661F3CA1291E998B009A1E31 /* UserViewModel.swift */ = {isa = PBXFileReference; lastKnownFileType = sourcecode.swift; path = UserViewModel.swift; sourceTree = "<group>"; };
		661F3CA4291E9CA9009A1E31 /* Constants.swift */ = {isa = PBXFileReference; lastKnownFileType = sourcecode.swift; path = Constants.swift; sourceTree = "<group>"; };
		661F3CA8291EA436009A1E31 /* users.json */ = {isa = PBXFileReference; fileEncoding = 4; lastKnownFileType = text.json; path = users.json; sourceTree = "<group>"; };
		661F3CAA291EA45E009A1E31 /* LocalService.swift */ = {isa = PBXFileReference; lastKnownFileType = sourcecode.swift; path = LocalService.swift; sourceTree = "<group>"; };
		661F3CAC291EA77F009A1E31 /* NetworkService.swift */ = {isa = PBXFileReference; lastKnownFileType = sourcecode.swift; path = NetworkService.swift; sourceTree = "<group>"; };
/* End PBXFileReference section */

/* Begin PBXFrameworksBuildPhase section */
		661F3C83291E903E009A1E31 /* Frameworks */ = {
			isa = PBXFrameworksBuildPhase;
			buildActionMask = 2147483647;
			files = (
			);
			runOnlyForDeploymentPostprocessing = 0;
		};
/* End PBXFrameworksBuildPhase section */

/* Begin PBXGroup section */
		661F3C7D291E903E009A1E31 = {
			isa = PBXGroup;
			children = (
				661F3C88291E903E009A1E31 /* NetworkInterchangable */,
				661F3C87291E903E009A1E31 /* Products */,
			);
			sourceTree = "<group>";
		};
		661F3C87291E903E009A1E31 /* Products */ = {
			isa = PBXGroup;
			children = (
				661F3C86291E903E009A1E31 /* NetworkInterchangable.app */,
			);
			name = Products;
			sourceTree = "<group>";
		};
		661F3C88291E903E009A1E31 /* NetworkInterchangable */ = {
			isa = PBXGroup;
			children = (
				661F3CA8291EA436009A1E31 /* users.json */,
				661F3CA3291E9C8C009A1E31 /* Constants */,
				661F3C9D291E90CB009A1E31 /* View */,
				661F3C9B291E908C009A1E31 /* ViewModel */,
				661F3C9A291E907B009A1E31 /* Service */,
				661F3C97291E9061009A1E31 /* Model */,
				661F3C89291E903E009A1E31 /* NetworkInterchangableApp.swift */,
				661F3C8B291E903E009A1E31 /* ContentView.swift */,
				661F3C8D291E9042009A1E31 /* Assets.xcassets */,
				661F3C8F291E9042009A1E31 /* Preview Content */,
			);
			path = NetworkInterchangable;
			sourceTree = "<group>";
		};
		661F3C8F291E9042009A1E31 /* Preview Content */ = {
			isa = PBXGroup;
			children = (
				661F3C90291E9042009A1E31 /* Preview Assets.xcassets */,
			);
			path = "Preview Content";
			sourceTree = "<group>";
		};
		661F3C97291E9061009A1E31 /* Model */ = {
			isa = PBXGroup;
			children = (
				661F3C98291E9071009A1E31 /* UserModel.swift */,
			);
			path = Model;
			sourceTree = "<group>";
		};
		661F3C9A291E907B009A1E31 /* Service */ = {
			isa = PBXGroup;
			children = (
				661F3C9F291E90FB009A1E31 /* WebService.swift */,
				661F3CAA291EA45E009A1E31 /* LocalService.swift */,
				661F3CAC291EA77F009A1E31 /* NetworkService.swift */,
			);
			path = Service;
			sourceTree = "<group>";
		};
		661F3C9B291E908C009A1E31 /* ViewModel */ = {
			isa = PBXGroup;
			children = (
				661F3CA1291E998B009A1E31 /* UserViewModel.swift */,
			);
			path = ViewModel;
			sourceTree = "<group>";
		};
		661F3C9D291E90CB009A1E31 /* View */ = {
			isa = PBXGroup;
			children = (
			);
			path = View;
			sourceTree = "<group>";
		};
		661F3CA3291E9C8C009A1E31 /* Constants */ = {
			isa = PBXGroup;
			children = (
				661F3CA4291E9CA9009A1E31 /* Constants.swift */,
			);
			path = Constants;
			sourceTree = "<group>";
		};
/* End PBXGroup section */

/* Begin PBXNativeTarget section */
		661F3C85291E903E009A1E31 /* NetworkInterchangable */ = {
			isa = PBXNativeTarget;
			buildConfigurationList = 661F3C94291E9042009A1E31 /* Build configuration list for PBXNativeTarget "NetworkInterchangable" */;
			buildPhases = (
				661F3C82291E903E009A1E31 /* Sources */,
				661F3C83291E903E009A1E31 /* Frameworks */,
				661F3C84291E903E009A1E31 /* Resources */,
			);
			buildRules = (
			);
			dependencies = (
			);
			name = NetworkInterchangable;
			productName = NetworkInterchangable;
			productReference = 661F3C86291E903E009A1E31 /* NetworkInterchangable.app */;
			productType = "com.apple.product-type.application";
		};
/* End PBXNativeTarget section */

/* Begin PBXProject section */
		661F3C7E291E903E009A1E31 /* Project object */ = {
			isa = PBXProject;
			attributes = {
				BuildIndependentTargetsInParallel = 1;
				LastSwiftUpdateCheck = 1410;
				LastUpgradeCheck = 1410;
				TargetAttributes = {
					661F3C85291E903E009A1E31 = {
						CreatedOnToolsVersion = 14.1;
					};
				};
			};
			buildConfigurationList = 661F3C81291E903E009A1E31 /* Build configuration list for PBXProject "NetworkInterchangable" */;
			compatibilityVersion = "Xcode 14.0";
			developmentRegion = en;
			hasScannedForEncodings = 0;
			knownRegions = (
				en,
				Base,
			);
			mainGroup = 661F3C7D291E903E009A1E31;
			productRefGroup = 661F3C87291E903E009A1E31 /* Products */;
			projectDirPath = "";
			projectRoot = "";
			targets = (
				661F3C85291E903E009A1E31 /* NetworkInterchangable */,
			);
		};
/* End PBXProject section */

/* Begin PBXResourcesBuildPhase section */
		661F3C84291E903E009A1E31 /* Resources */ = {
			isa = PBXResourcesBuildPhase;
			buildActionMask = 2147483647;
			files = (
				661F3CA9291EA436009A1E31 /* users.json in Resources */,
				661F3C91291E9042009A1E31 /* Preview Assets.xcassets in Resources */,
				661F3C8E291E9042009A1E31 /* Assets.xcassets in Resources */,
			);
			runOnlyForDeploymentPostprocessing = 0;
		};
/* End PBXResourcesBuildPhase section */

/* Begin PBXSourcesBuildPhase section */
		661F3C82291E903E009A1E31 /* Sources */ = {
			isa = PBXSourcesBuildPhase;
			buildActionMask = 2147483647;
			files = (
				661F3C8C291E903E009A1E31 /* ContentView.swift in Sources */,
				661F3C99291E9071009A1E31 /* UserModel.swift in Sources */,
				661F3CAD291EA77F009A1E31 /* NetworkService.swift in Sources */,
				661F3CA2291E998B009A1E31 /* UserViewModel.swift in Sources */,
				661F3CA0291E90FB009A1E31 /* WebService.swift in Sources */,
				661F3C8A291E903E009A1E31 /* NetworkInterchangableApp.swift in Sources */,
				661F3CAB291EA45E009A1E31 /* LocalService.swift in Sources */,
				661F3CA5291E9CA9009A1E31 /* Constants.swift in Sources */,
			);
			runOnlyForDeploymentPostprocessing = 0;
		};
/* End PBXSourcesBuildPhase section */

/* Begin XCBuildConfiguration section */
		661F3C92291E9042009A1E31 /* Debug */ = {
			isa = XCBuildConfiguration;
			buildSettings = {
				ALWAYS_SEARCH_USER_PATHS = NO;
				CLANG_ANALYZER_NONNULL = YES;
				CLANG_ANALYZER_NUMBER_OBJECT_CONVERSION = YES_AGGRESSIVE;
				CLANG_CXX_LANGUAGE_STANDARD = "gnu++20";
				CLANG_ENABLE_MODULES = YES;
				CLANG_ENABLE_OBJC_ARC = YES;
				CLANG_ENABLE_OBJC_WEAK = YES;
				CLANG_WARN_BLOCK_CAPTURE_AUTORELEASING = YES;
				CLANG_WARN_BOOL_CONVERSION = YES;
				CLANG_WARN_COMMA = YES;
				CLANG_WARN_CONSTANT_CONVERSION = YES;
				CLANG_WARN_DEPRECATED_OBJC_IMPLEMENTATIONS = YES;
				CLANG_WARN_DIRECT_OBJC_ISA_USAGE = YES_ERROR;
				CLANG_WARN_DOCUMENTATION_COMMENTS = YES;
				CLANG_WARN_EMPTY_BODY = YES;
				CLANG_WARN_ENUM_CONVERSION = YES;
				CLANG_WARN_INFINITE_RECURSION = YES;
				CLANG_WARN_INT_CONVERSION = YES;
				CLANG_WARN_NON_LITERAL_NULL_CONVERSION = YES;
				CLANG_WARN_OBJC_IMPLICIT_RETAIN_SELF = YES;
				CLANG_WARN_OBJC_LITERAL_CONVERSION = YES;
				CLANG_WARN_OBJC_ROOT_CLASS = YES_ERROR;
				CLANG_WARN_QUOTED_INCLUDE_IN_FRAMEWORK_HEADER = YES;
				CLANG_WARN_RANGE_LOOP_ANALYSIS = YES;
				CLANG_WARN_STRICT_PROTOTYPES = YES;
				CLANG_WARN_SUSPICIOUS_MOVE = YES;
				CLANG_WARN_UNGUARDED_AVAILABILITY = YES_AGGRESSIVE;
				CLANG_WARN_UNREACHABLE_CODE = YES;
				CLANG_WARN__DUPLICATE_METHOD_MATCH = YES;
				COPY_PHASE_STRIP = NO;
				DEBUG_INFORMATION_FORMAT = dwarf;
				ENABLE_STRICT_OBJC_MSGSEND = YES;
				ENABLE_TESTABILITY = YES;
				GCC_C_LANGUAGE_STANDARD = gnu11;
				GCC_DYNAMIC_NO_PIC = NO;
				GCC_NO_COMMON_BLOCKS = YES;
				GCC_OPTIMIZATION_LEVEL = 0;
				GCC_PREPROCESSOR_DEFINITIONS = (
					"DEBUG=1",
					"$(inherited)",
				);
				GCC_WARN_64_TO_32_BIT_CONVERSION = YES;
				GCC_WARN_ABOUT_RETURN_TYPE = YES_ERROR;
				GCC_WARN_UNDECLARED_SELECTOR = YES;
				GCC_WARN_UNINITIALIZED_AUTOS = YES_AGGRESSIVE;
				GCC_WARN_UNUSED_FUNCTION = YES;
				GCC_WARN_UNUSED_VARIABLE = YES;
				IPHONEOS_DEPLOYMENT_TARGET = 16.1;
				MTL_ENABLE_DEBUG_INFO = INCLUDE_SOURCE;
				MTL_FAST_MATH = YES;
				ONLY_ACTIVE_ARCH = YES;
				SDKROOT = iphoneos;
				SWIFT_ACTIVE_COMPILATION_CONDITIONS = DEBUG;
				SWIFT_OPTIMIZATION_LEVEL = "-Onone";
			};
			name = Debug;
		};
		661F3C93291E9042009A1E31 /* Release */ = {
			isa = XCBuildConfiguration;
			buildSettings = {
				ALWAYS_SEARCH_USER_PATHS = NO;
				CLANG_ANALYZER_NONNULL = YES;
				CLANG_ANALYZER_NUMBER_OBJECT_CONVERSION = YES_AGGRESSIVE;
				CLANG_CXX_LANGUAGE_STANDARD = "gnu++20";
				CLANG_ENABLE_MODULES = YES;
				CLANG_ENABLE_OBJC_ARC = YES;
				CLANG_ENABLE_OBJC_WEAK = YES;
				CLANG_WARN_BLOCK_CAPTURE_AUTORELEASING = YES;
				CLANG_WARN_BOOL_CONVERSION = YES;
				CLANG_WARN_COMMA = YES;
				CLANG_WARN_CONSTANT_CONVERSION = YES;
				CLANG_WARN_DEPRECATED_OBJC_IMPLEMENTATIONS = YES;
				CLANG_WARN_DIRECT_OBJC_ISA_USAGE = YES_ERROR;
				CLANG_WARN_DOCUMENTATION_COMMENTS = YES;
				CLANG_WARN_EMPTY_BODY = YES;
				CLANG_WARN_ENUM_CONVERSION = YES;
				CLANG_WARN_INFINITE_RECURSION = YES;
				CLANG_WARN_INT_CONVERSION = YES;
				CLANG_WARN_NON_LITERAL_NULL_CONVERSION = YES;
				CLANG_WARN_OBJC_IMPLICIT_RETAIN_SELF = YES;
				CLANG_WARN_OBJC_LITERAL_CONVERSION = YES;
				CLANG_WARN_OBJC_ROOT_CLASS = YES_ERROR;
				CLANG_WARN_QUOTED_INCLUDE_IN_FRAMEWORK_HEADER = YES;
				CLANG_WARN_RANGE_LOOP_ANALYSIS = YES;
				CLANG_WARN_STRICT_PROTOTYPES = YES;
				CLANG_WARN_SUSPICIOUS_MOVE = YES;
				CLANG_WARN_UNGUARDED_AVAILABILITY = YES_AGGRESSIVE;
				CLANG_WARN_UNREACHABLE_CODE = YES;
				CLANG_WARN__DUPLICATE_METHOD_MATCH = YES;
				COPY_PHASE_STRIP = NO;
				DEBUG_INFORMATION_FORMAT = "dwarf-with-dsym";
				ENABLE_NS_ASSERTIONS = NO;
				ENABLE_STRICT_OBJC_MSGSEND = YES;
				GCC_C_LANGUAGE_STANDARD = gnu11;
				GCC_NO_COMMON_BLOCKS = YES;
				GCC_WARN_64_TO_32_BIT_CONVERSION = YES;
				GCC_WARN_ABOUT_RETURN_TYPE = YES_ERROR;
				GCC_WARN_UNDECLARED_SELECTOR = YES;
				GCC_WARN_UNINITIALIZED_AUTOS = YES_AGGRESSIVE;
				GCC_WARN_UNUSED_FUNCTION = YES;
				GCC_WARN_UNUSED_VARIABLE = YES;
				IPHONEOS_DEPLOYMENT_TARGET = 16.1;
				MTL_ENABLE_DEBUG_INFO = NO;
				MTL_FAST_MATH = YES;
				SDKROOT = iphoneos;
				SWIFT_COMPILATION_MODE = wholemodule;
				SWIFT_OPTIMIZATION_LEVEL = "-O";
				VALIDATE_PRODUCT = YES;
			};
			name = Release;
		};
		661F3C95291E9042009A1E31 /* Debug */ = {
			isa = XCBuildConfiguration;
			buildSettings = {
				ASSETCATALOG_COMPILER_APPICON_NAME = AppIcon;
				ASSETCATALOG_COMPILER_GLOBAL_ACCENT_COLOR_NAME = AccentColor;
				CODE_SIGN_STYLE = Automatic;
				CURRENT_PROJECT_VERSION = 1;
				DEVELOPMENT_ASSET_PATHS = "\"NetworkInterchangable/Preview Content\"";
				DEVELOPMENT_TEAM = VW8GT67P82;
				ENABLE_PREVIEWS = YES;
				GENERATE_INFOPLIST_FILE = YES;
				INFOPLIST_KEY_UIApplicationSceneManifest_Generation = YES;
				INFOPLIST_KEY_UIApplicationSupportsIndirectInputEvents = YES;
				INFOPLIST_KEY_UILaunchScreen_Generation = YES;
				INFOPLIST_KEY_UISupportedInterfaceOrientations_iPad = "UIInterfaceOrientationPortrait UIInterfaceOrientationPortraitUpsideDown UIInterfaceOrientationLandscapeLeft UIInterfaceOrientationLandscapeRight";
				INFOPLIST_KEY_UISupportedInterfaceOrientations_iPhone = "UIInterfaceOrientationPortrait UIInterfaceOrientationLandscapeLeft UIInterfaceOrientationLandscapeRight";
				LD_RUNPATH_SEARCH_PATHS = (
					"$(inherited)",
					"@executable_path/Frameworks",
				);
				MARKETING_VERSION = 1.0;
				PRODUCT_BUNDLE_IDENTIFIER = com.tunaytoksoz.NetworkInterchangable;
				PRODUCT_NAME = "$(TARGET_NAME)";
				SWIFT_EMIT_LOC_STRINGS = YES;
				SWIFT_VERSION = 5.0;
				TARGETED_DEVICE_FAMILY = "1,2";
			};
			name = Debug;
		};
		661F3C96291E9042009A1E31 /* Release */ = {
			isa = XCBuildConfiguration;
			buildSettings = {
				ASSETCATALOG_COMPILER_APPICON_NAME = AppIcon;
				ASSETCATALOG_COMPILER_GLOBAL_ACCENT_COLOR_NAME = AccentColor;
				CODE_SIGN_STYLE = Automatic;
				CURRENT_PROJECT_VERSION = 1;
				DEVELOPMENT_ASSET_PATHS = "\"NetworkInterchangable/Preview Content\"";
				DEVELOPMENT_TEAM = VW8GT67P82;
				ENABLE_PREVIEWS = YES;
				GENERATE_INFOPLIST_FILE = YES;
				INFOPLIST_KEY_UIApplicationSceneManifest_Generation = YES;
				INFOPLIST_KEY_UIApplicationSupportsIndirectInputEvents = YES;
				INFOPLIST_KEY_UILaunchScreen_Generation = YES;
				INFOPLIST_KEY_UISupportedInterfaceOrientations_iPad = "UIInterfaceOrientationPortrait UIInterfaceOrientationPortraitUpsideDown UIInterfaceOrientationLandscapeLeft UIInterfaceOrientationLandscapeRight";
				INFOPLIST_KEY_UISupportedInterfaceOrientations_iPhone = "UIInterfaceOrientationPortrait UIInterfaceOrientationLandscapeLeft UIInterfaceOrientationLandscapeRight";
				LD_RUNPATH_SEARCH_PATHS = (
					"$(inherited)",
					"@executable_path/Frameworks",
				);
				MARKETING_VERSION = 1.0;
				PRODUCT_BUNDLE_IDENTIFIER = com.tunaytoksoz.NetworkInterchangable;
				PRODUCT_NAME = "$(TARGET_NAME)";
				SWIFT_EMIT_LOC_STRINGS = YES;
				SWIFT_VERSION = 5.0;
				TARGETED_DEVICE_FAMILY = "1,2";
			};
			name = Release;
		};
/* End XCBuildConfiguration section */

/* Begin XCConfigurationList section */
		661F3C81291E903E009A1E31 /* Build configuration list for PBXProject "NetworkInterchangable" */ = {
			isa = XCConfigurationList;
			buildConfigurations = (
				661F3C92291E9042009A1E31 /* Debug */,
				661F3C93291E9042009A1E31 /* Release */,
			);
			defaultConfigurationIsVisible = 0;
			defaultConfigurationName = Release;
		};
		661F3C94291E9042009A1E31 /* Build configuration list for PBXNativeTarget "NetworkInterchangable" */ = {
			isa = XCConfigurationList;
			buildConfigurations = (
				661F3C95291E9042009A1E31 /* Debug */,
				661F3C96291E9042009A1E31 /* Release */,
			);
			defaultConfigurationIsVisible = 0;
			defaultConfigurationName = Release;
		};
/* End XCConfigurationList section */
	};
	rootObject = 661F3C7E291E903E009A1E31 /* Project object */;
}
